
Microsoft Visual Studio Solution File, Format Version 12.00
# Visual Studio 15
VisualStudioVersion = 15.0.28307.960
MinimumVisualStudioVersion = 10.0.40219.1
Project("{8BC9CEB8-8B4A-11D0-8D11-00A0C91BC942}") = "BinaryFileCopy", "BinaryFileCopy\BinaryFileCopy.vcxproj", "{A0035ADD-F085-471C-9534-53D14A8F3CA7}"
EndProject
Global
	GlobalSection(SolutionConfigurationPlatforms) = preSolution
		Debug|x64 = Debug|x64
		Debug|x86 = Debug|x86
		Release|x64 = Release|x64
		Release|x86 = Release|x86
	EndGlobalSection
	GlobalSection(ProjectConfigurationPlatforms) = postSolution
		{A0035ADD-F085-471C-9534-53D14A8F3CA7}.Debug|x64.ActiveCfg = Debug|x64
		{A0035ADD-F085-471C-9534-53D14A8F3CA7}.Debug|x64.Build.0 = Debug|x64
		{A0035ADD-F085-471C-9534-53D14A8F3CA7}.Debug|x86.ActiveCfg = Debug|Win32
		{A0035ADD-F085-471C-9534-53D14A8F3CA7}.Debug|x86.Build.0 = Debug|Win32
		{A0035ADD-F085-471C-9534-53D14A8F3CA7}.Release|x64.ActiveCfg = Release|x64
		{A0035ADD-F085-471C-9534-53D14A8F3CA7}.Release|x64.Build.0 = Release|x64
		{A0035ADD-F085-471C-9534-53D14A8F3CA7}.Release|x86.ActiveCfg = Release|Win32
		{A0035ADD-F085-471C-9534-53D14A8F3CA7}.Release|x86.Build.0 = Release|Win32
	EndGlobalSection
	GlobalSection(SolutionProperties) = preSolution
		HideSolutionNode = FALSE
	EndGlobalSection
	GlobalSection(ExtensibilityGlobals) = postSolution
		SolutionGuid = {F12E4CDF-C339-4E01-BDAE-6EF5F4C2875E}
	EndGlobalSection
EndGlobal
